Microsoft Visual Studio Solution File, Format Version 12.00
# Visual Studio Version 17
VisualStudioVersion = 17.5.2.0
MinimumVisualStudioVersion = 10.0.40219.1
Project("{FAE04EC0-301F-11D3-BF4B-00C04F79EFBC}") = "backend", "backend\backend.csproj", "{B5CEE1AB-68C5-FCEC-EA61-653FFB609ED2}"
EndProject
Project("{2150E333-8FDC-42A3-9474-1A3956D46DE8}") = "scratch", "scratch", "{F2659A5F-1EBD-3F4F-4A30-86EC08B46DDA}"
EndProject
Project("{FAE04EC0-301F-11D3-BF4B-00C04F79EFBC}") = "test", "scratch\test\test.csproj", "{81F23E35-CA01-6802-FB90-BC93E70DEA95}"
EndProject
Global
	GlobalSection(SolutionConfigurationPlatforms) = preSolution
		Debug|Any CPU = Debug|Any CPU
		Release|Any CPU = Release|Any CPU
	EndGlobalSection
	GlobalSection(ProjectConfigurationPlatforms) = postSolution
		{B5CEE1AB-68C5-FCEC-EA61-653FFB609ED2}.Debug|Any CPU.ActiveCfg = Debug|Any CPU
		{B5CEE1AB-68C5-FCEC-EA61-653FFB609ED2}.Debug|Any CPU.Build.0 = Debug|Any CPU
		{B5CEE1AB-68C5-FCEC-EA61-653FFB609ED2}.Release|Any CPU.ActiveCfg = Release|Any CPU
		{B5CEE1AB-68C5-FCEC-EA61-653FFB609ED2}.Release|Any CPU.Build.0 = Release|Any CPU
		{81F23E35-CA01-6802-FB90-BC93E70DEA95}.Debug|Any CPU.ActiveCfg = Debug|Any CPU
		{81F23E35-CA01-6802-FB90-BC93E70DEA95}.Debug|Any CPU.Build.0 = Debug|Any CPU
		{81F23E35-CA01-6802-FB90-BC93E70DEA95}.Release|Any CPU.ActiveCfg = Release|Any CPU
		{81F23E35-CA01-6802-FB90-BC93E70DEA95}.Release|Any CPU.Build.0 = Release|Any CPU
	EndGlobalSection
	GlobalSection(SolutionProperties) = preSolution
		HideSolutionNode = FALSE
	EndGlobalSection
	GlobalSection(NestedProjects) = preSolution
		{81F23E35-CA01-6802-FB90-BC93E70DEA95} = {F2659A5F-1EBD-3F4F-4A30-86EC08B46DDA}
	EndGlobalSection
	GlobalSection(ExtensibilityGlobals) = postSolution
		SolutionGuid = {86E07E6F-1F5F-462F-B304-39B20E45F0BE}
	EndGlobalSection
EndGlobal
